
Microsoft Visual Studio Solution File, Format Version 12.00
# Visual Studio 15
VisualStudioVersion = 15.0.28307.438
MinimumVisualStudioVersion = 10.0.40219.1
Project("{9A19103F-16F7-4668-BE54-9A1E7A4F7556}") = "CustomIdentity", "CustomIdentity\CustomIdentity.csproj", "{DD802201-326E-4F8B-A5B3-1D026B9EEDB5}"
EndProject
Project("{FAE04EC0-301F-11D3-BF4B-00C04F79EFBC}") = "CustomIdentity.DataAccess", "CustomIdentity.DataAccess\CustomIdentity.DataAccess.csproj", "{89E4BBA6-340C-4610-8280-B4734B2136A2}"
EndProject
Project("{FAE04EC0-301F-11D3-BF4B-00C04F79EFBC}") = "CustomIdentity.ViewModels", "CustomIdentityViewModels\CustomIdentity.ViewModels.csproj", "{45BAE11F-EF95-423D-B22A-BBF18BC1E23A}"
EndProject
Project("{FAE04EC0-301F-11D3-BF4B-00C04F79EFBC}") = "CustomIdentity.BusinessLogic", "CustomIdentity.BusinessLogic\CustomIdentity.BusinessLogic.csproj", "{A6B06060-BC59-410D-81C3-0827FE57443C}"
EndProject
Global
	GlobalSection(SolutionConfigurationPlatforms) = preSolution
		Debug|Any CPU = Debug|Any CPU
		Release|Any CPU = Release|Any CPU
	EndGlobalSection
	GlobalSection(ProjectConfigurationPlatforms) = postSolution
		{DD802201-326E-4F8B-A5B3-1D026B9EEDB5}.Debug|Any CPU.ActiveCfg = Debug|Any CPU
		{DD802201-326E-4F8B-A5B3-1D026B9EEDB5}.Debug|Any CPU.Build.0 = Debug|Any CPU
		{DD802201-326E-4F8B-A5B3-1D026B9EEDB5}.Release|Any CPU.ActiveCfg = Release|Any CPU
		{DD802201-326E-4F8B-A5B3-1D026B9EEDB5}.Release|Any CPU.Build.0 = Release|Any CPU
		{89E4BBA6-340C-4610-8280-B4734B2136A2}.Debug|Any CPU.ActiveCfg = Debug|Any CPU
		{89E4BBA6-340C-4610-8280-B4734B2136A2}.Debug|Any CPU.Build.0 = Debug|Any CPU
		{89E4BBA6-340C-4610-8280-B4734B2136A2}.Release|Any CPU.ActiveCfg = Release|Any CPU
		{89E4BBA6-340C-4610-8280-B4734B2136A2}.Release|Any CPU.Build.0 = Release|Any CPU
		{45BAE11F-EF95-423D-B22A-BBF18BC1E23A}.Debug|Any CPU.ActiveCfg = Debug|Any CPU
		{45BAE11F-EF95-423D-B22A-BBF18BC1E23A}.Debug|Any CPU.Build.0 = Debug|Any CPU
		{45BAE11F-EF95-423D-B22A-BBF18BC1E23A}.Release|Any CPU.ActiveCfg = Release|Any CPU
		{45BAE11F-EF95-423D-B22A-BBF18BC1E23A}.Release|Any CPU.Build.0 = Release|Any CPU
		{A6B06060-BC59-410D-81C3-0827FE57443C}.Debug|Any CPU.ActiveCfg = Debug|Any CPU
		{A6B06060-BC59-410D-81C3-0827FE57443C}.Debug|Any CPU.Build.0 = Debug|Any CPU
		{A6B06060-BC59-410D-81C3-0827FE57443C}.Release|Any CPU.ActiveCfg = Release|Any CPU
		{A6B06060-BC59-410D-81C3-0827FE57443C}.Release|Any CPU.Build.0 = Release|Any CPU
	EndGlobalSection
	GlobalSection(SolutionProperties) = preSolution
		HideSolutionNode = FALSE
	EndGlobalSection
	GlobalSection(ExtensibilityGlobals) = postSolution
		SolutionGuid = {1210ACFE-EA5D-4C32-8F62-D01797796469}
	EndGlobalSection
EndGlobal
