
Microsoft Visual Studio Solution File, Format Version 12.00
# Visual Studio Version 16
VisualStudioVersion = 16.0.29418.71
MinimumVisualStudioVersion = 10.0.40219.1
Project("{9A19103F-16F7-4668-BE54-9A1E7A4F7556}") = "SignalRProject.Web", "SignalRProject.Web\SignalRProject.Web.csproj", "{81FDCF37-0146-4DEE-8FEB-7BFAD762D73E}"
EndProject
Project("{FAE04EC0-301F-11D3-BF4B-00C04F79EFBC}") = "SignalRProject.DataAccess", "SignalRProject.DataAccess\SignalRProject.DataAccess.csproj", "{D10C0720-E14D-4F29-A89E-D8230811278E}"
EndProject
Project("{FAE04EC0-301F-11D3-BF4B-00C04F79EFBC}") = "SignalRProject.BusinessLogic", "SignalRProject.BusinessLogic\SignalRProject.BusinessLogic.csproj", "{B4F191DF-85A1-4F9B-B124-90E95A62F7D9}"
EndProject
Project("{FAE04EC0-301F-11D3-BF4B-00C04F79EFBC}") = "SignalRProject.ViewModels", "SignalRProject.ViewModels\SignalRProject.ViewModels.csproj", "{C3775548-D11E-4ADF-A150-B678A53223B8}"
EndProject
Global
	GlobalSection(SolutionConfigurationPlatforms) = preSolution
		Debug|Any CPU = Debug|Any CPU
		Release|Any CPU = Release|Any CPU
	EndGlobalSection
	GlobalSection(ProjectConfigurationPlatforms) = postSolution
		{81FDCF37-0146-4DEE-8FEB-7BFAD762D73E}.Debug|Any CPU.ActiveCfg = Debug|Any CPU
		{81FDCF37-0146-4DEE-8FEB-7BFAD762D73E}.Debug|Any CPU.Build.0 = Debug|Any CPU
		{81FDCF37-0146-4DEE-8FEB-7BFAD762D73E}.Release|Any CPU.ActiveCfg = Release|Any CPU
		{81FDCF37-0146-4DEE-8FEB-7BFAD762D73E}.Release|Any CPU.Build.0 = Release|Any CPU
		{D10C0720-E14D-4F29-A89E-D8230811278E}.Debug|Any CPU.ActiveCfg = Debug|Any CPU
		{D10C0720-E14D-4F29-A89E-D8230811278E}.Debug|Any CPU.Build.0 = Debug|Any CPU
		{D10C0720-E14D-4F29-A89E-D8230811278E}.Release|Any CPU.ActiveCfg = Release|Any CPU
		{D10C0720-E14D-4F29-A89E-D8230811278E}.Release|Any CPU.Build.0 = Release|Any CPU
		{B4F191DF-85A1-4F9B-B124-90E95A62F7D9}.Debug|Any CPU.ActiveCfg = Debug|Any CPU
		{B4F191DF-85A1-4F9B-B124-90E95A62F7D9}.Debug|Any CPU.Build.0 = Debug|Any CPU
		{B4F191DF-85A1-4F9B-B124-90E95A62F7D9}.Release|Any CPU.ActiveCfg = Release|Any CPU
		{B4F191DF-85A1-4F9B-B124-90E95A62F7D9}.Release|Any CPU.Build.0 = Release|Any CPU
		{C3775548-D11E-4ADF-A150-B678A53223B8}.Debug|Any CPU.ActiveCfg = Debug|Any CPU
		{C3775548-D11E-4ADF-A150-B678A53223B8}.Debug|Any CPU.Build.0 = Debug|Any CPU
		{C3775548-D11E-4ADF-A150-B678A53223B8}.Release|Any CPU.ActiveCfg = Release|Any CPU
		{C3775548-D11E-4ADF-A150-B678A53223B8}.Release|Any CPU.Build.0 = Release|Any CPU
	EndGlobalSection
	GlobalSection(SolutionProperties) = preSolution
		HideSolutionNode = FALSE
	EndGlobalSection
	GlobalSection(ExtensibilityGlobals) = postSolution
		SolutionGuid = {6D54F24A-75EC-41C9-B64F-942AED045D53}
	EndGlobalSection
EndGlobal
